
Microsoft Visual Studio Solution File, Format Version 12.00
# Visual Studio 15
VisualStudioVersion = 15.0.28307.645
MinimumVisualStudioVersion = 10.0.40219.1
Project("{FAE04EC0-301F-11D3-BF4B-00C04F79EFBC}") = "GFC-ConsoleApp", "GFC-ConsoleApp\GFC-ConsoleApp.csproj", "{A54AA5A0-64BB-45E9-9EDC-8099517B8043}"
EndProject
Global
	GlobalSection(SolutionConfigurationPlatforms) = preSolution
		Debug|Any CPU = Debug|Any CPU
		Release|Any CPU = Release|Any CPU
	EndGlobalSection
	GlobalSection(ProjectConfigurationPlatforms) = postSolution
		{A54AA5A0-64BB-45E9-9EDC-8099517B8043}.Debug|Any CPU.ActiveCfg = Debug|Any CPU
		{A54AA5A0-64BB-45E9-9EDC-8099517B8043}.Debug|Any CPU.Build.0 = Debug|Any CPU
		{A54AA5A0-64BB-45E9-9EDC-8099517B8043}.Release|Any CPU.ActiveCfg = Release|Any CPU
		{A54AA5A0-64BB-45E9-9EDC-8099517B8043}.Release|Any CPU.Build.0 = Release|Any CPU
	EndGlobalSection
	GlobalSection(SolutionProperties) = preSolution
		HideSolutionNode = FALSE
	EndGlobalSection
	GlobalSection(ExtensibilityGlobals) = postSolution
		SolutionGuid = {B8635172-3117-4F25-8098-B7CA1FE830C5}
	EndGlobalSection
EndGlobal
